
Microsoft Visual Studio Solution File, Format Version 12.00
# Visual Studio Version 17
VisualStudioVersion = 17.9.34728.123
MinimumVisualStudioVersion = 10.0.40219.1
Project("{FAE04EC0-301F-11D3-BF4B-00C04F79EFBC}") = "AIEquipmentUseFix", "AIEquipmentUseFix.csproj", "{D1F7A42C-4CFD-4C4C-B39B-978FAC552758}"
EndProject
Global
	GlobalSection(SolutionConfigurationPlatforms) = preSolution
		Debug|Any CPU = Debug|Any CPU
		Release|Any CPU = Release|Any CPU
	EndGlobalSection
	GlobalSection(ProjectConfigurationPlatforms) = postSolution
		{D1F7A42C-4CFD-4C4C-B39B-978FAC552758}.Debug|Any CPU.ActiveCfg = Debug|Any CPU
		{D1F7A42C-4CFD-4C4C-B39B-978FAC552758}.Debug|Any CPU.Build.0 = Debug|Any CPU
		{D1F7A42C-4CFD-4C4C-B39B-978FAC552758}.Release|Any CPU.ActiveCfg = Release|Any CPU
		{D1F7A42C-4CFD-4C4C-B39B-978FAC552758}.Release|Any CPU.Build.0 = Release|Any CPU
	EndGlobalSection
	GlobalSection(SolutionProperties) = preSolution
		HideSolutionNode = FALSE
	EndGlobalSection
	GlobalSection(ExtensibilityGlobals) = postSolution
		SolutionGuid = {91ABD248-C080-4517-B4C6-C94678BDD104}
	EndGlobalSection
EndGlobal
